{
  "version": 1,
  "dependencies": {
    "net8.0-windows10.0.19041": {
      "BouncyCastle.Cryptography": {
        "type": "Direct",
        "requested": "[2.5.1, )",
        "resolved": "2.5.1",
        "contentHash": "zy8TMeTP+1FH2NrLaNZtdRbBdq7u5MI+NFZQOBSM69u5RFkciinwzV2eveY6Kjf5MzgsYvvl6kTStsj3JrXqkg=="
      },
      "Microsoft.Data.Sqlite": {
        "type": "Direct",
        "requested": "[8.0.19, )",
        "resolved": "8.0.19",
        "contentHash": "GcYP5qUdpnF3FPoVZ6EewQ7EESRWuX79pTBYxRo/KCCiz9HTDtTka0FH+h3fUGJqk21nc0Q9BApThywO1enFaw==",
        "dependencies": {
          "Microsoft.Data.Sqlite.Core": "8.0.19",
          "SQLitePCLRaw.bundle_e_sqlite3": "2.1.6"
        }
      },
      "libphonenumber-csharp": {
        "type": "Direct",
        "requested": "[9.0.38, )",
        "resolved": "9.0.38",
        "contentHash": "QRvXk+Ih0VjKtq03ouAqhUFDnBe1sqS2wTd6htWyvzPhdVIcyNPuoprDCWnPJk6RIYfsePTOG38VVc1EdH3u7A=="
      },
      "Microsoft.Web.WebView2": {
        "type": "Direct",
        "requested": "[1.0.3351.48, )",
        "resolved": "1.0.3351.48",
        "contentHash": "UIzXdl3x3H2MX2es7+BHYT3pLkLoT7090omqla9S3MQQCma0slwiY+CXBM6x0LmdLTpksoQ6XUqOAXrtxjtklQ=="
      },
      "System.Security.Cryptography.ProtectedData": {
        "type": "Direct",
        "requested": "[8.0.0, )",
        "resolved": "8.0.0",
        "contentHash": "+TUFINV2q2ifyXauQXRwy4CiBhqvDEDZeVJU7qfxya4aRYOKzVBpN+4acx25VcPB9ywUN6C0n8drWl110PhZEg=="
      },
      "Microsoft.Data.Sqlite.Core": {
        "type": "Transitive",
        "resolved": "8.0.19",
        "contentHash": "ugQbXR+SwaFHXkfMW+Q6Dn9VSQn6uUoaFp49Zqe+EQGDNMb8dviFCratqnRiBXZKAqt2aFRsV+Cj5gqcTWU/dA==",
        "dependencies": {
          "SQLitePCLRaw.core": "2.1.6"
        }
      },
      "SQLitePCLRaw.bundle_e_sqlite3": {
        "type": "Transitive",
        "resolved": "2.1.6",
        "contentHash": "BmAf6XWt4TqtowmiWe4/5rRot6GerAeklmOPfviOvwLoF5WwgxcJHAxZtySuyW9r9w+HLILnm8VfJFLCUJYW8A==",
        "dependencies": {
          "SQLitePCLRaw.lib.e_sqlite3": "2.1.6",
          "SQLitePCLRaw.provider.e_sqlite3": "2.1.6"
        }
      },
      "SQLitePCLRaw.core": {
        "type": "Transitive",
        "resolved": "2.1.6",
        "contentHash": "wO6v9GeMx9CUngAet8hbO7xdm+M42p1XeJq47ogyRoYSvNSp0NGLI+MgC0bhrMk9C17MTVFlLiN6ylyExLCc5w==",
        "dependencies": {
          "System.Memory": "4.5.3"
        }
      },
      "SQLitePCLRaw.lib.e_sqlite3": {
        "type": "Transitive",
        "resolved": "2.1.6",
        "contentHash": "2ObJJLkIUIxRpOUlZNGuD4rICpBnrBR5anjyfUFQep4hMOIeqW+XGQYzrNmHSVz5xSWZ3klSbh7sFR6UyDj68Q=="
      },
      "SQLitePCLRaw.provider.e_sqlite3": {
        "type": "Transitive",
        "resolved": "2.1.6",
        "contentHash": "PQ2Oq3yepLY4P7ll145P3xtx2bX8xF4PzaKPRpw9jZlKvfe4LE/saAV82inND9usn1XRpmxXk7Lal3MTI+6CNg==",
        "dependencies": {
          "SQLitePCLRaw.core": "2.1.6"
        }
      },
      "System.Memory": {
        "type": "Transitive",
        "resolved": "4.5.3",
        "contentHash": "3oDzvc/zzetpTKWMShs1AADwZjQ/36HnsufHRPcOjyRAAMLDlu2iD33MBI2opxnezcVUtXyqDXXjoFMOU9c7SA=="
      }
    },
    "net8.0-windows10.0.19041/win-x64": {
      "Microsoft.Web.WebView2": {
        "type": "Direct",
        "requested": "[1.0.3351.48, )",
        "resolved": "1.0.3351.48",
        "contentHash": "UIzXdl3x3H2MX2es7+BHYT3pLkLoT7090omqla9S3MQQCma0slwiY+CXBM6x0LmdLTpksoQ6XUqOAXrtxjtklQ=="
      },
      "SQLitePCLRaw.lib.e_sqlite3": {
        "type": "Transitive",
        "resolved": "2.1.6",
        "contentHash": "2ObJJLkIUIxRpOUlZNGuD4rICpBnrBR5anjyfUFQep4hMOIeqW+XGQYzrNmHSVz5xSWZ3klSbh7sFR6UyDj68Q=="
      }
    }
  }
}
